{
  "name": "fiorilikeapp",
  "version": "1.0.0",
  "lockfileVersion": 3,
  "requires": true,
  "packages": {
    "": {
      "name": "fiorilikeapp",
      "version": "1.0.0",
      "license": "ISC",
      "dependencies": {
        "@sap/ux-ui5-tooling": "^1.28.0"
      }
    },
    "node_modules/@sap/ux-ui5-tooling": {
      "version": "1.28.0",
      "resolved": "https://registry.npmjs.org/@sap/ux-ui5-tooling/-/ux-ui5-tooling-1.28.0.tgz",
      "integrity": "sha512-MVyoW18ryLEBxDk7QPiQA56Paa/6guFpxQjROy/JDjrYcDK05AZ90XWySetHzVQ5nZvi8NmYm6p78XLouldiJA==",
      "license": "SEE LICENSE IN LICENSE",
      "bin": {
        "fiori": "bin/fiori.cjs"
      }
    }
  }
}
